# THIS IS AN AUTOGENERATED FILE. DO NOT EDIT THIS FILE DIRECTLY.
# yarn lockfile v1


ansi-styles@^4.1.0:
  version "4.3.0"
  resolved "https://registry.npmjs.org/ansi-styles/-/ansi-styles-4.3.0.tgz"
  integrity sha512-zbB9rCJAT1rbjiVDb2hqKFHNYLxgtk8NURxZ3IZwD3F6NtxbXZQCnnSi1Lkx+IDohdPlFp222wVALIheZJQSEg==
  dependencies:
    color-convert "^2.0.1"

async@^3.2.3:
  version "3.2.3"
  resolved "https://registry.npmjs.org/async/-/async-3.2.3.tgz"
  integrity sha512-spZRyzKL5l5BZQrr/6m/SqFdBN0q3OCI0f9rjfBzCMBIP4p75P620rR3gTmaksNOhmzgdxcaxdNfMy6anrbM0g==

balanced-match@^1.0.0:
  version "1.0.2"
  resolved "https://registry.npmjs.org/balanced-match/-/balanced-match-1.0.2.tgz"
  integrity sha512-3oSeUO0TMV67hN1AmbXsK4yaqU7tjiHlbxRDZOpH0KW9+CeX4bRAaX0Anxt0tx2MrpRpWwQaPwIlISEJhYU5Pw==

brace-expansion@^1.1.7:
  version "1.1.11"
  resolved "https://registry.npmjs.org/brace-expansion/-/brace-expansion-1.1.11.tgz"
  integrity sha512-iCuPHDFgrHX7H2vEI/5xpz07zSHB00TpugqhmYtVmMO6518mCuRMoOYFldEBl0g187ufozdaHgWKcYFb61qGiA==
  dependencies:
    balanced-match "^1.0.0"
    concat-map "0.0.1"

chalk@^4.0.2:
  version "4.1.2"
  resolved "https://registry.npmjs.org/chalk/-/chalk-4.1.2.tgz"
  integrity sha512-oKnbhFyRIXpUuez8iBMmyEa4nbj4IOQyuhc/wy9kY7/WVPcwIO9VA668Pu8RkO7+0G76SLROeyw9CpQ061i4mA==
  dependencies:
    ansi-styles "^4.1.0"
    supports-color "^7.1.0"

chalk@^5.0.1:
  version "5.0.1"
  resolved "https://registry.npmjs.org/chalk/-/chalk-5.0.1.tgz"
  integrity sha512-Fo07WOYGqMfCWHOzSXOt2CxDbC6skS/jO9ynEcmpANMoPrD+W1r1K6Vx7iNm+AQmETU1Xr2t+n8nzkV9t6xh3w==

ciql-json@^1.9.6:
  version "1.9.6"
  resolved "https://registry.npmjs.org/ciql-json/-/ciql-json-1.9.6.tgz"
  integrity sha512-xCUBjP8LM6nxpcpj9nhf/tnfOimhdcOKXsW5zoHbxeOV6O2iZUmLYYuVed6o7rUWdEn8Oy/tLPQIfCm+Pdsnzw==

color-convert@^2.0.1:
  version "2.0.1"
  resolved "https://registry.npmjs.org/color-convert/-/color-convert-2.0.1.tgz"
  integrity sha512-RRECPsj7iu/xb5oKYcsFHSppFNnsj/52OVTRKb4zP5onXwVF3zVmmToNcOfGC+CRDpfK/U584fMg38ZHCaElKQ==
  dependencies:
    color-name "~1.1.4"

color-name@~1.1.4:
  version "1.1.4"
  resolved "https://registry.npmjs.org/color-name/-/color-name-1.1.4.tgz"
  integrity sha512-dOy+3AuW3a2wNbZHIuMZpTcgjGuLU/uBL/ubcZF9OXbDo8ff4O8yVp5Bf0efS8uEoYo5q4Fx7dY9OgQGXgAsQA==

commander@^9.2.0:
  version "9.4.1"
  resolved "https://registry.npmjs.org/commander/-/commander-9.4.1.tgz"
  integrity sha512-5EEkTNyHNGFPD2H+c/dXXfQZYa/scCKasxWcXJaWnNJ99pnQN9Vnmqow+p+PlFPE63Q6mThaZws1T+HxfpgtPw==

concat-map@0.0.1:
  version "0.0.1"
  resolved "https://registry.npmjs.org/concat-map/-/concat-map-0.0.1.tgz"
  integrity sha1-2Klr13/Wjfd5OnMDajug1UBdR3s=

ejs@^3.1.7:
  version "3.1.7"
  resolved "https://registry.npmjs.org/ejs/-/ejs-3.1.7.tgz"
  integrity sha512-BIar7R6abbUxDA3bfXrO4DSgwo8I+fB5/1zgujl3HLLjwd6+9iOnrT+t3grn2qbk9vOgBubXOFwX2m9axoFaGw==
  dependencies:
    jake "^10.8.5"

filelist@^1.0.1:
  version "1.0.2"
  resolved "https://registry.npmjs.org/filelist/-/filelist-1.0.2.tgz"
  integrity sha512-z7O0IS8Plc39rTCq6i6iHxk43duYOn8uFJiWSewIq0Bww1RNybVHSCjahmcC87ZqAm4OTvFzlzeGu3XAzG1ctQ==
  dependencies:
    minimatch "^3.0.4"

fs-extra@^10.1.0:
  version "10.1.0"
  resolved "https://registry.npmjs.org/fs-extra/-/fs-extra-10.1.0.tgz"
  integrity sha512-oRXApq54ETRj4eMiFzGnHWGy+zo5raudjuxN0b8H7s/RU2oW0Wvsx9O0ACRN/kRq9E8Vu/ReskGB5o3ji+FzHQ==
  dependencies:
    graceful-fs "^4.2.0"
    jsonfile "^6.0.1"
    universalify "^2.0.0"

graceful-fs@^4.1.6, graceful-fs@^4.2.0:
  version "4.2.10"
  resolved "https://registry.npmjs.org/graceful-fs/-/graceful-fs-4.2.10.tgz"
  integrity sha512-9ByhssR2fPVsNZj478qUUbKfmL0+t5BDVyjShtyZZLiK7ZDAArFFfopyOTj0M05wE2tJPisA4iTnnXl2YoPvOA==

has-flag@^4.0.0:
  version "4.0.0"
  resolved "https://registry.npmjs.org/has-flag/-/has-flag-4.0.0.tgz"
  integrity sha512-EykJT/Q1KjTWctppgIAgfSO0tKVuZUjhgMr17kqTumMl6Afv3EISleU7qZUzoXDFTAHTDC4NOoG/ZxU3EvlMPQ==

jake@^10.8.5:
  version "10.8.5"
  resolved "https://registry.npmjs.org/jake/-/jake-10.8.5.tgz"
  integrity sha512-sVpxYeuAhWt0OTWITwT98oyV0GsXyMlXCF+3L1SuafBVUIr/uILGRB+NqwkzhgXKvoJpDIpQvqkUALgdmQsQxw==
  dependencies:
    async "^3.2.3"
    chalk "^4.0.2"
    filelist "^1.0.1"
    minimatch "^3.0.4"

jsonfile@^6.0.1:
  version "6.1.0"
  resolved "https://registry.npmjs.org/jsonfile/-/jsonfile-6.1.0.tgz"
  integrity sha512-5dgndWOriYSm5cnYaJNhalLNDKOqFwyDB/rr1E9ZsGciGvKPs8R2xYGCacuf3z6K1YKDz182fd+fY3cn3pMqXQ==
  dependencies:
    universalify "^2.0.0"
  optionalDependencies:
    graceful-fs "^4.1.6"

minimatch@^3.0.4:
  version "3.1.2"
  resolved "https://registry.npmjs.org/minimatch/-/minimatch-3.1.2.tgz"
  integrity sha512-J7p63hRiAjw1NDEww1W7i37+ByIrOWO5XQQAzZ3VOcL0PNybwpfmV/N05zFAzwQ9USyEcX6t3UO+K5aqBQOIHw==
  dependencies:
    brace-expansion "^1.1.7"

random-number@^0.0.9:
  version "0.0.9"
  resolved "https://registry.npmjs.org/random-number/-/random-number-0.0.9.tgz"
  integrity sha512-ipG3kRCREi/YQpi2A5QGcvDz1KemohovWmH6qGfboVyyGdR2t/7zQz0vFxrfxpbHQgPPdtVlUDaks3aikD1Ljw==

supports-color@^7.1.0:
  version "7.2.0"
  resolved "https://registry.npmjs.org/supports-color/-/supports-color-7.2.0.tgz"
  integrity sha512-qpCAvRl9stuOHveKsn7HncJRvv501qIacKzQlO/+Lwxc9+0q2wLyv4Dfvt80/DPn2pqOBsJdDiogXGR9+OvwRw==
  dependencies:
    has-flag "^4.0.0"

universalify@^2.0.0:
  version "2.0.0"
  resolved "https://registry.npmjs.org/universalify/-/universalify-2.0.0.tgz"
  integrity sha512-hAZsKq7Yy11Zu1DE0OzWjw7nnLZmJZYTDZZyEFHZdUhV8FkH5MCfoU1XMaxXovpyW5nq5scPqq0ZDP9Zyl04oQ==
